// !$*UTF8*$!
{
	archiveVersion = 1;
	classes = {
	};
	objectVersion = 50;
	objects = {

/* Begin PBXBuildFile section */
		3C18EE02E907DA2DC70CBC77 /* Pods_RecitalTests.framework in Frameworks */ = {isa = PBXBuildFile; fileRef = 5061C0580F0D2FFF4F166437 /* Pods_RecitalTests.framework */; };
		5FBEB6E45A3486A0B461CE3A /* Pods_Recital.framework in Frameworks */ = {isa = PBXBuildFile; fileRef = B11F91A0A031DBC2D2D292ED /* Pods_Recital.framework */; };
		BE0429D7245CADA70022B8C6 /* Knob.swift in Sources */ = {isa = PBXBuildFile; fileRef = BE0429D6245CADA70022B8C6 /* Knob.swift */; };
		BE0429D9245CADC20022B8C6 /* CustomSlider.swift in Sources */ = {isa = PBXBuildFile; fileRef = BE0429D8245CADC20022B8C6 /* CustomSlider.swift */; };
		BE31A18E2425685400067063 /* AudioKitEngine.swift in Sources */ = {isa = PBXBuildFile; fileRef = BE31A18D2425685400067063 /* AudioKitEngine.swift */; };
		BE8898802422B23E00B95706 /* AppDelegate.swift in Sources */ = {isa = PBXBuildFile; fileRef = BE88987F2422B23E00B95706 /* AppDelegate.swift */; };
		BE8898822422B23E00B95706 /* SceneDelegate.swift in Sources */ = {isa = PBXBuildFile; fileRef = BE8898812422B23E00B95706 /* SceneDelegate.swift */; };
		BE8898872422B23E00B95706 /* Main.storyboard in Resources */ = {isa = PBXBuildFile; fileRef = BE8898852422B23E00B95706 /* Main.storyboard */; };
		BE8898892422B23E00B95706 /* Assets.xcassets in Resources */ = {isa = PBXBuildFile; fileRef = BE8898882422B23E00B95706 /* Assets.xcassets */; };
		BE88988C2422B23E00B95706 /* LaunchScreen.storyboard in Resources */ = {isa = PBXBuildFile; fileRef = BE88988A2422B23E00B95706 /* LaunchScreen.storyboard */; };
		BE8898972422B23E00B95706 /* RecitalTests.swift in Sources */ = {isa = PBXBuildFile; fileRef = BE8898962422B23E00B95706 /* RecitalTests.swift */; };
		BE8898A22422B23F00B95706 /* RecitalUITests.swift in Sources */ = {isa = PBXBuildFile; fileRef = BE8898A12422B23F00B95706 /* RecitalUITests.swift */; };
		BE8898B02422B36600B95706 /* ControlPanelViewController.swift in Sources */ = {isa = PBXBuildFile; fileRef = BE8898AF2422B36600B95706 /* ControlPanelViewController.swift */; };
		BE8898B4242540A700B95706 /* AudioKitUI.framework in Frameworks */ = {isa = PBXBuildFile; fileRef = BE8898B2242540A700B95706 /* AudioKitUI.framework */; };
		BE8898B5242540A700B95706 /* AudioKit.framework in Frameworks */ = {isa = PBXBuildFile; fileRef = BE8898B3242540A700B95706 /* AudioKit.framework */; };
		BE8898B72425441C00B95706 /* AudioSelector.swift in Sources */ = {isa = PBXBuildFile; fileRef = BE8898B62425441C00B95706 /* AudioSelector.swift */; };
		DE871FC989DABCF163BD871C /* Pods_Recital_RecitalUITests.framework in Frameworks */ = {isa = PBXBuildFile; fileRef = AF9D703D399466921A855422 /* Pods_Recital_RecitalUITests.framework */; };
/* End PBXBuildFile section */

/* Begin PBXContainerItemProxy section */
		BE8898932422B23E00B95706 /* PBXContainerItemProxy */ = {
			isa = PBXContainerItemProxy;
			containerPortal = BE8898742422B23D00B95706 /* Project object */;
			proxyType = 1;
			remoteGlobalIDString = BE88987B2422B23E00B95706;
			remoteInfo = Recital;
		};
		BE88989E2422B23F00B95706 /* PBXContainerItemProxy */ = {
			isa = PBXContainerItemProxy;
			containerPortal = BE8898742422B23D00B95706 /* Project object */;
			proxyType = 1;
			remoteGlobalIDString = BE88987B2422B23E00B95706;
			remoteInfo = Recital;
		};
/* End PBXContainerItemProxy section */

/* Begin PBXFileReference section */
		04B7EFCCCBB2DCE2644655DA /* Pods-RecitalTests.debug.xcconfig */ = {isa = PBXFileReference; includeInIndex = 1; lastKnownFileType = text.xcconfig; name = "Pods-RecitalTests.debug.xcconfig"; path = "Target Support Files/Pods-RecitalTests/Pods-RecitalTests.debug.xcconfig"; sourceTree = "<group>"; };
		5061C0580F0D2FFF4F166437 /* Pods_RecitalTests.framework */ = {isa = PBXFileReference; explicitFileType = wrapper.framework; includeInIndex = 0; path = Pods_RecitalTests.framework; sourceTree = BUILT_PRODUCTS_DIR; };
		71B54E4EF9122FFD0848B998 /* Pods-Recital-RecitalUITests.debug.xcconfig */ = {isa = PBXFileReference; includeInIndex = 1; lastKnownFileType = text.xcconfig; name = "Pods-Recital-RecitalUITests.debug.xcconfig"; path = "Target Support Files/Pods-Recital-RecitalUITests/Pods-Recital-RecitalUITests.debug.xcconfig"; sourceTree = "<group>"; };
		99A2BB5BB111B4418A987D70 /* Pods-Recital.release.xcconfig */ = {isa = PBXFileReference; includeInIndex = 1; lastKnownFileType = text.xcconfig; name = "Pods-Recital.release.xcconfig"; path = "Target Support Files/Pods-Recital/Pods-Recital.release.xcconfig"; sourceTree = "<group>"; };
		AF9D703D399466921A855422 /* Pods_Recital_RecitalUITests.framework */ = {isa = PBXFileReference; explicitFileType = wrapper.framework; includeInIndex = 0; path = Pods_Recital_RecitalUITests.framework; sourceTree = BUILT_PRODUCTS_DIR; };
		B11F91A0A031DBC2D2D292ED /* Pods_Recital.framework */ = {isa = PBXFileReference; explicitFileType = wrapper.framework; includeInIndex = 0; path = Pods_Recital.framework; sourceTree = BUILT_PRODUCTS_DIR; };
		B3E4377AD3EA855FA491BA0F /* Pods-Recital-RecitalUITests.release.xcconfig */ = {isa = PBXFileReference; includeInIndex = 1; lastKnownFileType = text.xcconfig; name = "Pods-Recital-RecitalUITests.release.xcconfig"; path = "Target Support Files/Pods-Recital-RecitalUITests/Pods-Recital-RecitalUITests.release.xcconfig"; sourceTree = "<group>"; };
		BE0429D6245CADA70022B8C6 /* Knob.swift */ = {isa = PBXFileReference; lastKnownFileType = sourcecode.swift; path = Knob.swift; sourceTree = "<group>"; };
		BE0429D8245CADC20022B8C6 /* CustomSlider.swift */ = {isa = PBXFileReference; lastKnownFileType = sourcecode.swift; path = CustomSlider.swift; sourceTree = "<group>"; };
		BE31A18D2425685400067063 /* AudioKitEngine.swift */ = {isa = PBXFileReference; lastKnownFileType = sourcecode.swift; path = AudioKitEngine.swift; sourceTree = "<group>"; };
		BE88987C2422B23E00B95706 /* Recital.app */ = {isa = PBXFileReference; explicitFileType = wrapper.application; includeInIndex = 0; path = Recital.app; sourceTree = BUILT_PRODUCTS_DIR; };
		BE88987F2422B23E00B95706 /* AppDelegate.swift */ = {isa = PBXFileReference; lastKnownFileType = sourcecode.swift; path = AppDelegate.swift; sourceTree = "<group>"; };
		BE8898812422B23E00B95706 /* SceneDelegate.swift */ = {isa = PBXFileReference; lastKnownFileType = sourcecode.swift; path = SceneDelegate.swift; sourceTree = "<group>"; };
		BE8898862422B23E00B95706 /* Base */ = {isa = PBXFileReference; lastKnownFileType = file.storyboard; name = Base; path = Base.lproj/Main.storyboard; sourceTree = "<group>"; };
		BE8898882422B23E00B95706 /* Assets.xcassets */ = {isa = PBXFileReference; lastKnownFileType = folder.assetcatalog; path = Assets.xcassets; sourceTree = "<group>"; };
		BE88988B2422B23E00B95706 /* Base */ = {isa = PBXFileReference; lastKnownFileType = file.storyboard; name = Base; path = Base.lproj/LaunchScreen.storyboard; sourceTree = "<group>"; };
		BE88988D2422B23E00B95706 /* Info.plist */ = {isa = PBXFileReference; lastKnownFileType = text.plist.xml; path = Info.plist; sourceTree = "<group>"; };
		BE8898922422B23E00B95706 /* RecitalTests.xctest */ = {isa = PBXFileReference; explicitFileType = wrapper.cfbundle; includeInIndex = 0; path = RecitalTests.xctest; sourceTree = BUILT_PRODUCTS_DIR; };
		BE8898962422B23E00B95706 /* RecitalTests.swift */ = {isa = PBXFileReference; lastKnownFileType = sourcecode.swift; path = RecitalTests.swift; sourceTree = "<group>"; };
		BE8898982422B23E00B95706 /* Info.plist */ = {isa = PBXFileReference; lastKnownFileType = text.plist.xml; path = Info.plist; sourceTree = "<group>"; };
		BE88989D2422B23F00B95706 /* RecitalUITests.xctest */ = {isa = PBXFileReference; explicitFileType = wrapper.cfbundle; includeInIndex = 0; path = RecitalUITests.xctest; sourceTree = BUILT_PRODUCTS_DIR; };
		BE8898A12422B23F00B95706 /* RecitalUITests.swift */ = {isa = PBXFileReference; lastKnownFileType = sourcecode.swift; path = RecitalUITests.swift; sourceTree = "<group>"; };
		BE8898A32422B23F00B95706 /* Info.plist */ = {isa = PBXFileReference; lastKnownFileType = text.plist.xml; path = Info.plist; sourceTree = "<group>"; };
		BE8898AF2422B36600B95706 /* ControlPanelViewController.swift */ = {isa = PBXFileReference; lastKnownFileType = sourcecode.swift; path = ControlPanelViewController.swift; sourceTree = "<group>"; };
		BE8898B2242540A700B95706 /* AudioKitUI.framework */ = {isa = PBXFileReference; lastKnownFileType = wrapper.framework; name = AudioKitUI.framework; path = Recital/AudioKitUI.framework; sourceTree = "<group>"; };
		BE8898B3242540A700B95706 /* AudioKit.framework */ = {isa = PBXFileReference; lastKnownFileType = wrapper.framework; name = AudioKit.framework; path = Recital/AudioKit.framework; sourceTree = "<group>"; };
		BE8898B62425441C00B95706 /* AudioSelector.swift */ = {isa = PBXFileReference; lastKnownFileType = sourcecode.swift; path = AudioSelector.swift; sourceTree = "<group>"; };
		C6190468CF47A729E2CD00D9 /* Pods-RecitalTests.release.xcconfig */ = {isa = PBXFileReference; includeInIndex = 1; lastKnownFileType = text.xcconfig; name = "Pods-RecitalTests.release.xcconfig"; path = "Target Support Files/Pods-RecitalTests/Pods-RecitalTests.release.xcconfig"; sourceTree = "<group>"; };
		C7B443DFF7FD679BB6D3B15A /* Pods-Recital.debug.xcconfig */ = {isa = PBXFileReference; includeInIndex = 1; lastKnownFileType = text.xcconfig; name = "Pods-Recital.debug.xcconfig"; path = "Target Support Files/Pods-Recital/Pods-Recital.debug.xcconfig"; sourceTree = "<group>"; };
/* End PBXFileReference section */

/* Begin PBXFrameworksBuildPhase section */
		BE8898792422B23E00B95706 /* Frameworks */ = {
			isa = PBXFrameworksBuildPhase;
			buildActionMask = 2147483647;
			files = (
				5FBEB6E45A3486A0B461CE3A /* Pods_Recital.framework in Frameworks */,
			);
			runOnlyForDeploymentPostprocessing = 0;
		};
		BE88988F2422B23E00B95706 /* Frameworks */ = {
			isa = PBXFrameworksBuildPhase;
			buildActionMask = 2147483647;
			files = (
				3C18EE02E907DA2DC70CBC77 /* Pods_RecitalTests.framework in Frameworks */,
			);
			runOnlyForDeploymentPostprocessing = 0;
		};
		BE88989A2422B23F00B95706 /* Frameworks */ = {
			isa = PBXFrameworksBuildPhase;
			buildActionMask = 2147483647;
			files = (
				DE871FC989DABCF163BD871C /* Pods_Recital_RecitalUITests.framework in Frameworks */,
			);
			runOnlyForDeploymentPostprocessing = 0;
		};
/* End PBXFrameworksBuildPhase section */

/* Begin PBXGroup section */
		125E5CF72A7BA186F64C3F97 /* Pods */ = {
			isa = PBXGroup;
			children = (
				C7B443DFF7FD679BB6D3B15A /* Pods-Recital.debug.xcconfig */,
				99A2BB5BB111B4418A987D70 /* Pods-Recital.release.xcconfig */,
				71B54E4EF9122FFD0848B998 /* Pods-Recital-RecitalUITests.debug.xcconfig */,
				B3E4377AD3EA855FA491BA0F /* Pods-Recital-RecitalUITests.release.xcconfig */,
				04B7EFCCCBB2DCE2644655DA /* Pods-RecitalTests.debug.xcconfig */,
				C6190468CF47A729E2CD00D9 /* Pods-RecitalTests.release.xcconfig */,
			);
			name = Pods;
			path = Pods;
			sourceTree = "<group>";
		};
		BE8898732422B23D00B95706 = {
			isa = PBXGroup;
			children = (
				BE88987E2422B23E00B95706 /* Recital */,
				BE8898952422B23E00B95706 /* RecitalTests */,
				BE8898A02422B23F00B95706 /* RecitalUITests */,
				BE88987D2422B23E00B95706 /* Products */,
				BE8898B1242540A700B95706 /* Frameworks */,
				125E5CF72A7BA186F64C3F97 /* Pods */,
			);
			sourceTree = "<group>";
		};
		BE88987D2422B23E00B95706 /* Products */ = {
			isa = PBXGroup;
			children = (
				BE88987C2422B23E00B95706 /* Recital.app */,
				BE8898922422B23E00B95706 /* RecitalTests.xctest */,
				BE88989D2422B23F00B95706 /* RecitalUITests.xctest */,
			);
			name = Products;
			sourceTree = "<group>";
		};
		BE88987E2422B23E00B95706 /* Recital */ = {
			isa = PBXGroup;
			children = (
				BE0429D8245CADC20022B8C6 /* CustomSlider.swift */,
				BE0429D6245CADA70022B8C6 /* Knob.swift */,
				BE88987F2422B23E00B95706 /* AppDelegate.swift */,
				BE8898812422B23E00B95706 /* SceneDelegate.swift */,
				BE8898852422B23E00B95706 /* Main.storyboard */,
				BE8898882422B23E00B95706 /* Assets.xcassets */,
				BE88988A2422B23E00B95706 /* LaunchScreen.storyboard */,
				BE88988D2422B23E00B95706 /* Info.plist */,
				BE8898AF2422B36600B95706 /* ControlPanelViewController.swift */,
				BE8898B62425441C00B95706 /* AudioSelector.swift */,
				BE31A18D2425685400067063 /* AudioKitEngine.swift */,
			);
			path = Recital;
			sourceTree = "<group>";
		};
		BE8898952422B23E00B95706 /* RecitalTests */ = {
			isa = PBXGroup;
			children = (
				BE8898962422B23E00B95706 /* RecitalTests.swift */,
				BE8898982422B23E00B95706 /* Info.plist */,
			);
			path = RecitalTests;
			sourceTree = "<group>";
		};
		BE8898A02422B23F00B95706 /* RecitalUITests */ = {
			isa = PBXGroup;
			children = (
				BE8898A12422B23F00B95706 /* RecitalUITests.swift */,
				BE8898A32422B23F00B95706 /* Info.plist */,
			);
			path = RecitalUITests;
			sourceTree = "<group>";
		};
		BE8898B1242540A700B95706 /* Frameworks */ = {
			isa = PBXGroup;
			children = (
				BE8898B3242540A700B95706 /* AudioKit.framework */,
				BE8898B2242540A700B95706 /* AudioKitUI.framework */,
				B11F91A0A031DBC2D2D292ED /* Pods_Recital.framework */,
				AF9D703D399466921A855422 /* Pods_Recital_RecitalUITests.framework */,
				5061C0580F0D2FFF4F166437 /* Pods_RecitalTests.framework */,
			);
			name = Frameworks;
			sourceTree = "<group>";
		};
/* End PBXGroup section */

/* Begin PBXNativeTarget section */
		BE88987B2422B23E00B95706 /* Recital */ = {
			isa = PBXNativeTarget;
			buildConfigurationList = BE8898A62422B23F00B95706 /* Build configuration list for PBXNativeTarget "Recital" */;
			buildPhases = (
				D04FEE1C5B892215C8C1F082 /* [CP] Check Pods Manifest.lock */,
				BE8898782422B23E00B95706 /* Sources */,
				BE8898792422B23E00B95706 /* Frameworks */,
				BE88987A2422B23E00B95706 /* Resources */,
				75EE58C213EA39C2EB9469FD /* [CP] Embed Pods Frameworks */,
			);
			buildRules = (
			);
			dependencies = (
			);
			name = Recital;
			productName = Recital;
			productReference = BE88987C2422B23E00B95706 /* Recital.app */;
			productType = "com.apple.product-type.application";
		};
		BE8898912422B23E00B95706 /* RecitalTests */ = {
			isa = PBXNativeTarget;
			buildConfigurationList = BE8898A92422B23F00B95706 /* Build configuration list for PBXNativeTarget "RecitalTests" */;
			buildPhases = (
				8F0C9EA021BFAFC08FEB2DE6 /* [CP] Check Pods Manifest.lock */,
				BE88988E2422B23E00B95706 /* Sources */,
				BE88988F2422B23E00B95706 /* Frameworks */,
				BE8898902422B23E00B95706 /* Resources */,
			);
			buildRules = (
			);
			dependencies = (
				BE8898942422B23E00B95706 /* PBXTargetDependency */,
			);
			name = RecitalTests;
			productName = RecitalTests;
			productReference = BE8898922422B23E00B95706 /* RecitalTests.xctest */;
			productType = "com.apple.product-type.bundle.unit-test";
		};
		BE88989C2422B23F00B95706 /* RecitalUITests */ = {
			isa = PBXNativeTarget;
			buildConfigurationList = BE8898AC2422B23F00B95706 /* Build configuration list for PBXNativeTarget "RecitalUITests" */;
			buildPhases = (
				E6BB88F3BC919C4638853F81 /* [CP] Check Pods Manifest.lock */,
				BE8898992422B23F00B95706 /* Sources */,
				BE88989A2422B23F00B95706 /* Frameworks */,
				BE88989B2422B23F00B95706 /* Resources */,
				2CD3645AE549934A104FE001 /* [CP] Embed Pods Frameworks */,
			);
			buildRules = (
			);
			dependencies = (
				BE88989F2422B23F00B95706 /* PBXTargetDependency */,
			);
			name = RecitalUITests;
			productName = RecitalUITests;
			productReference = BE88989D2422B23F00B95706 /* RecitalUITests.xctest */;
			productType = "com.apple.product-type.bundle.ui-testing";
		};
/* End PBXNativeTarget section */

/* Begin PBXProject section */
		BE8898742422B23D00B95706 /* Project object */ = {
			isa = PBXProject;
			attributes = {
				LastSwiftUpdateCheck = 1130;
				LastUpgradeCheck = 1130;
				ORGANIZATIONNAME = "Asim Williams";
				TargetAttributes = {
					BE88987B2422B23E00B95706 = {
						CreatedOnToolsVersion = 11.3.1;
					};
					BE8898912422B23E00B95706 = {
						CreatedOnToolsVersion = 11.3.1;
						TestTargetID = BE88987B2422B23E00B95706;
					};
					BE88989C2422B23F00B95706 = {
						CreatedOnToolsVersion = 11.3.1;
						TestTargetID = BE88987B2422B23E00B95706;
					};
				};
			};
			buildConfigurationList = BE8898772422B23D00B95706 /* Build configuration list for PBXProject "Recital" */;
			compatibilityVersion = "Xcode 9.3";
			developmentRegion = en;
			hasScannedForEncodings = 0;
			knownRegions = (
				en,
				Base,
			);
			mainGroup = BE8898732422B23D00B95706;
			productRefGroup = BE88987D2422B23E00B95706 /* Products */;
			projectDirPath = "";
			projectRoot = "";
			targets = (
				BE88987B2422B23E00B95706 /* Recital */,
				BE8898912422B23E00B95706 /* RecitalTests */,
				BE88989C2422B23F00B95706 /* RecitalUITests */,
			);
		};
/* End PBXProject section */

/* Begin PBXResourcesBuildPhase section */
		BE88987A2422B23E00B95706 /* Resources */ = {
			isa = PBXResourcesBuildPhase;
			buildActionMask = 2147483647;
			files = (
				BE88988C2422B23E00B95706 /* LaunchScreen.storyboard in Resources */,
				BE8898892422B23E00B95706 /* Assets.xcassets in Resources */,
				BE8898872422B23E00B95706 /* Main.storyboard in Resources */,
			);
			runOnlyForDeploymentPostprocessing = 0;
		};
		BE8898902422B23E00B95706 /* Resources */ = {
			isa = PBXResourcesBuildPhase;
			buildActionMask = 2147483647;
			files = (
			);
			runOnlyForDeploymentPostprocessing = 0;
		};
		BE88989B2422B23F00B95706 /* Resources */ = {
			isa = PBXResourcesBuildPhase;
			buildActionMask = 2147483647;
			files = (
			);
			runOnlyForDeploymentPostprocessing = 0;
		};
/* End PBXResourcesBuildPhase section */

/* Begin PBXShellScriptBuildPhase section */
		2CD3645AE549934A104FE001 /* [CP] Embed Pods Frameworks */ = {
			isa = PBXShellScriptBuildPhase;
			buildActionMask = 2147483647;
			files = (
			);
			inputFileListPaths = (
				"${PODS_ROOT}/Target Support Files/Pods-Recital-RecitalUITests/Pods-Recital-RecitalUITests-frameworks-${CONFIGURATION}-input-files.xcfilelist",
			);
			name = "[CP] Embed Pods Frameworks";
			outputFileListPaths = (
				"${PODS_ROOT}/Target Support Files/Pods-Recital-RecitalUITests/Pods-Recital-RecitalUITests-frameworks-${CONFIGURATION}-output-files.xcfilelist",
			);
			runOnlyForDeploymentPostprocessing = 0;
			shellPath = /bin/sh;
			shellScript = "\"${PODS_ROOT}/Target Support Files/Pods-Recital-RecitalUITests/Pods-Recital-RecitalUITests-frameworks.sh\"\n";
			showEnvVarsInLog = 0;
		};
		75EE58C213EA39C2EB9469FD /* [CP] Embed Pods Frameworks */ = {
			isa = PBXShellScriptBuildPhase;
			buildActionMask = 2147483647;
			files = (
			);
			inputFileListPaths = (
				"${PODS_ROOT}/Target Support Files/Pods-Recital/Pods-Recital-frameworks-${CONFIGURATION}-input-files.xcfilelist",
			);
			name = "[CP] Embed Pods Frameworks";
			outputFileListPaths = (
				"${PODS_ROOT}/Target Support Files/Pods-Recital/Pods-Recital-frameworks-${CONFIGURATION}-output-files.xcfilelist",
			);
			runOnlyForDeploymentPostprocessing = 0;
			shellPath = /bin/sh;
			shellScript = "\"${PODS_ROOT}/Target Support Files/Pods-Recital/Pods-Recital-frameworks.sh\"\n";
			showEnvVarsInLog = 0;
		};
		8F0C9EA021BFAFC08FEB2DE6 /* [CP] Check Pods Manifest.lock */ = {
			isa = PBXShellScriptBuildPhase;
			buildActionMask = 2147483647;
			files = (
			);
			inputFileListPaths = (
			);
			inputPaths = (
				"${PODS_PODFILE_DIR_PATH}/Podfile.lock",
				"${PODS_ROOT}/Manifest.lock",
			);
			name = "[CP] Check Pods Manifest.lock";
			outputFileListPaths = (
			);
			outputPaths = (
				"$(DERIVED_FILE_DIR)/Pods-RecitalTests-checkManifestLockResult.txt",
			);
			runOnlyForDeploymentPostprocessing = 0;
			shellPath = /bin/sh;
			shellScript = "diff \"${PODS_PODFILE_DIR_PATH}/Podfile.lock\" \"${PODS_ROOT}/Manifest.lock\" > /dev/null\nif [ $? != 0 ] ; then\n    # print error to STDERR\n    echo \"error: The sandbox is not in sync with the Podfile.lock. Run 'pod install' or update your CocoaPods installation.\" >&2\n    exit 1\nfi\n# This output is used by Xcode 'outputs' to avoid re-running this script phase.\necho \"SUCCESS\" > \"${SCRIPT_OUTPUT_FILE_0}\"\n";
			showEnvVarsInLog = 0;
		};
		D04FEE1C5B892215C8C1F082 /* [CP] Check Pods Manifest.lock */ = {
			isa = PBXShellScriptBuildPhase;
			buildActionMask = 2147483647;
			files = (
			);
			inputFileListPaths = (
			);
			inputPaths = (
				"${PODS_PODFILE_DIR_PATH}/Podfile.lock",
				"${PODS_ROOT}/Manifest.lock",
			);
			name = "[CP] Check Pods Manifest.lock";
			outputFileListPaths = (
			);
			outputPaths = (
				"$(DERIVED_FILE_DIR)/Pods-Recital-checkManifestLockResult.txt",
			);
			runOnlyForDeploymentPostprocessing = 0;
			shellPath = /bin/sh;
			shellScript = "diff \"${PODS_PODFILE_DIR_PATH}/Podfile.lock\" \"${PODS_ROOT}/Manifest.lock\" > /dev/null\nif [ $? != 0 ] ; then\n    # print error to STDERR\n    echo \"error: The sandbox is not in sync with the Podfile.lock. Run 'pod install' or update your CocoaPods installation.\" >&2\n    exit 1\nfi\n# This output is used by Xcode 'outputs' to avoid re-running this script phase.\necho \"SUCCESS\" > \"${SCRIPT_OUTPUT_FILE_0}\"\n";
			showEnvVarsInLog = 0;
		};
		E6BB88F3BC919C4638853F81 /* [CP] Check Pods Manifest.lock */ = {
			isa = PBXShellScriptBuildPhase;
			buildActionMask = 2147483647;
			files = (
			);
			inputFileListPaths = (
			);
			inputPaths = (
				"${PODS_PODFILE_DIR_PATH}/Podfile.lock",
				"${PODS_ROOT}/Manifest.lock",
			);
			name = "[CP] Check Pods Manifest.lock";
			outputFileListPaths = (
			);
			outputPaths = (
				"$(DERIVED_FILE_DIR)/Pods-Recital-RecitalUITests-checkManifestLockResult.txt",
			);
			runOnlyForDeploymentPostprocessing = 0;
			shellPath = /bin/sh;
			shellScript = "diff \"${PODS_PODFILE_DIR_PATH}/Podfile.lock\" \"${PODS_ROOT}/Manifest.lock\" > /dev/null\nif [ $? != 0 ] ; then\n    # print error to STDERR\n    echo \"error: The sandbox is not in sync with the Podfile.lock. Run 'pod install' or update your CocoaPods installation.\" >&2\n    exit 1\nfi\n# This output is used by Xcode 'outputs' to avoid re-running this script phase.\necho \"SUCCESS\" > \"${SCRIPT_OUTPUT_FILE_0}\"\n";
			showEnvVarsInLog = 0;
		};
/* End PBXShellScriptBuildPhase section */

/* Begin PBXSourcesBuildPhase section */
		BE8898782422B23E00B95706 /* Sources */ = {
			isa = PBXSourcesBuildPhase;
			buildActionMask = 2147483647;
			files = (
				BE0429D9245CADC20022B8C6 /* CustomSlider.swift in Sources */,
				BE0429D7245CADA70022B8C6 /* Knob.swift in Sources */,
				BE31A18E2425685400067063 /* AudioKitEngine.swift in Sources */,
				BE8898802422B23E00B95706 /* AppDelegate.swift in Sources */,
				BE8898822422B23E00B95706 /* SceneDelegate.swift in Sources */,
				BE8898B02422B36600B95706 /* ControlPanelViewController.swift in Sources */,
				BE8898B72425441C00B95706 /* AudioSelector.swift in Sources */,
			);
			runOnlyForDeploymentPostprocessing = 0;
		};
		BE88988E2422B23E00B95706 /* Sources */ = {
			isa = PBXSourcesBuildPhase;
			buildActionMask = 2147483647;
			files = (
				BE8898972422B23E00B95706 /* RecitalTests.swift in Sources */,
			);
			runOnlyForDeploymentPostprocessing = 0;
		};
		BE8898992422B23F00B95706 /* Sources */ = {
			isa = PBXSourcesBuildPhase;
			buildActionMask = 2147483647;
			files = (
				BE8898A22422B23F00B95706 /* RecitalUITests.swift in Sources */,
			);
			runOnlyForDeploymentPostprocessing = 0;
		};
/* End PBXSourcesBuildPhase section */

/* Begin PBXTargetDependency section */
		BE8898942422B23E00B95706 /* PBXTargetDependency */ = {
			isa = PBXTargetDependency;
			target = BE88987B2422B23E00B95706 /* Recital */;
			targetProxy = BE8898932422B23E00B95706 /* PBXContainerItemProxy */;
		};
		BE88989F2422B23F00B95706 /* PBXTargetDependency */ = {
			isa = PBXTargetDependency;
			target = BE88987B2422B23E00B95706 /* Recital */;
			targetProxy = BE88989E2422B23F00B95706 /* PBXContainerItemProxy */;
		};
/* End PBXTargetDependency section */

/* Begin PBXVariantGroup section */
		BE8898852422B23E00B95706 /* Main.storyboard */ = {
			isa = PBXVariantGroup;
			children = (
				BE8898862422B23E00B95706 /* Base */,
			);
			name = Main.storyboard;
			sourceTree = "<group>";
		};
		BE88988A2422B23E00B95706 /* LaunchScreen.storyboard */ = {
			isa = PBXVariantGroup;
			children = (
				BE88988B2422B23E00B95706 /* Base */,
			);
			name = LaunchScreen.storyboard;
			sourceTree = "<group>";
		};
/* End PBXVariantGroup section */

/* Begin XCBuildConfiguration section */
		BE8898A42422B23F00B95706 /* Debug */ = {
			isa = XCBuildConfiguration;
			buildSettings = {
				ALWAYS_SEARCH_USER_PATHS = NO;
				CLANG_ANALYZER_NONNULL = YES;
				CLANG_ANALYZER_NUMBER_OBJECT_CONVERSION = YES_AGGRESSIVE;
				CLANG_CXX_LANGUAGE_STANDARD = "gnu++14";
				CLANG_CXX_LIBRARY = "libc++";
				CLANG_ENABLE_MODULES = YES;
				CLANG_ENABLE_OBJC_ARC = YES;
				CLANG_ENABLE_OBJC_WEAK = YES;
				CLANG_WARN_BLOCK_CAPTURE_AUTORELEASING = YES;
				CLANG_WARN_BOOL_CONVERSION = YES;
				CLANG_WARN_COMMA = YES;
				CLANG_WARN_CONSTANT_CONVERSION = YES;
				CLANG_WARN_DEPRECATED_OBJC_IMPLEMENTATIONS = YES;
				CLANG_WARN_DIRECT_OBJC_ISA_USAGE = YES_ERROR;
				CLANG_WARN_DOCUMENTATION_COMMENTS = YES;
				CLANG_WARN_EMPTY_BODY = YES;
				CLANG_WARN_ENUM_CONVERSION = YES;
				CLANG_WARN_INFINITE_RECURSION = YES;
				CLANG_WARN_INT_CONVERSION = YES;
				CLANG_WARN_NON_LITERAL_NULL_CONVERSION = YES;
				CLANG_WARN_OBJC_IMPLICIT_RETAIN_SELF = YES;
				CLANG_WARN_OBJC_LITERAL_CONVERSION = YES;
				CLANG_WARN_OBJC_ROOT_CLASS = YES_ERROR;
				CLANG_WARN_RANGE_LOOP_ANALYSIS = YES;
				CLANG_WARN_STRICT_PROTOTYPES = YES;
				CLANG_WARN_SUSPICIOUS_MOVE = YES;
				CLANG_WARN_UNGUARDED_AVAILABILITY = YES_AGGRESSIVE;
				CLANG_WARN_UNREACHABLE_CODE = YES;
				CLANG_WARN__DUPLICATE_METHOD_MATCH = YES;
				COPY_PHASE_STRIP = NO;
				DEBUG_INFORMATION_FORMAT = dwarf;
				ENABLE_STRICT_OBJC_MSGSEND = YES;
				ENABLE_TESTABILITY = YES;
				GCC_C_LANGUAGE_STANDARD = gnu11;
				GCC_DYNAMIC_NO_PIC = NO;
				GCC_NO_COMMON_BLOCKS = YES;
				GCC_OPTIMIZATION_LEVEL = 0;
				GCC_PREPROCESSOR_DEFINITIONS = (
					"DEBUG=1",
					"$(inherited)",
				);
				GCC_WARN_64_TO_32_BIT_CONVERSION = YES;
				GCC_WARN_ABOUT_RETURN_TYPE = YES_ERROR;
				GCC_WARN_UNDECLARED_SELECTOR = YES;
				GCC_WARN_UNINITIALIZED_AUTOS = YES_AGGRESSIVE;
				GCC_WARN_UNUSED_FUNCTION = YES;
				GCC_WARN_UNUSED_VARIABLE = YES;
				IPHONEOS_DEPLOYMENT_TARGET = 13.2;
				MTL_ENABLE_DEBUG_INFO = INCLUDE_SOURCE;
				MTL_FAST_MATH = YES;
				ONLY_ACTIVE_ARCH = YES;
				SDKROOT = iphoneos;
				SWIFT_ACTIVE_COMPILATION_CONDITIONS = DEBUG;
				SWIFT_OPTIMIZATION_LEVEL = "-Onone";
			};
			name = Debug;
		};
		BE8898A52422B23F00B95706 /* Release */ = {
			isa = XCBuildConfiguration;
			buildSettings = {
				ALWAYS_SEARCH_USER_PATHS = NO;
				CLANG_ANALYZER_NONNULL = YES;
				CLANG_ANALYZER_NUMBER_OBJECT_CONVERSION = YES_AGGRESSIVE;
				CLANG_CXX_LANGUAGE_STANDARD = "gnu++14";
				CLANG_CXX_LIBRARY = "libc++";
				CLANG_ENABLE_MODULES = YES;
				CLANG_ENABLE_OBJC_ARC = YES;
				CLANG_ENABLE_OBJC_WEAK = YES;
				CLANG_WARN_BLOCK_CAPTURE_AUTORELEASING = YES;
				CLANG_WARN_BOOL_CONVERSION = YES;
				CLANG_WARN_COMMA = YES;
				CLANG_WARN_CONSTANT_CONVERSION = YES;
				CLANG_WARN_DEPRECATED_OBJC_IMPLEMENTATIONS = YES;
				CLANG_WARN_DIRECT_OBJC_ISA_USAGE = YES_ERROR;
				CLANG_WARN_DOCUMENTATION_COMMENTS = YES;
				CLANG_WARN_EMPTY_BODY = YES;
				CLANG_WARN_ENUM_CONVERSION = YES;
				CLANG_WARN_INFINITE_RECURSION = YES;
				CLANG_WARN_INT_CONVERSION = YES;
				CLANG_WARN_NON_LITERAL_NULL_CONVERSION = YES;
				CLANG_WARN_OBJC_IMPLICIT_RETAIN_SELF = YES;
				CLANG_WARN_OBJC_LITERAL_CONVERSION = YES;
				CLANG_WARN_OBJC_ROOT_CLASS = YES_ERROR;
				CLANG_WARN_RANGE_LOOP_ANALYSIS = YES;
				CLANG_WARN_STRICT_PROTOTYPES = YES;
				CLANG_WARN_SUSPICIOUS_MOVE = YES;
				CLANG_WARN_UNGUARDED_AVAILABILITY = YES_AGGRESSIVE;
				CLANG_WARN_UNREACHABLE_CODE = YES;
				CLANG_WARN__DUPLICATE_METHOD_MATCH = YES;
				COPY_PHASE_STRIP = NO;
				DEBUG_INFORMATION_FORMAT = "dwarf-with-dsym";
				ENABLE_NS_ASSERTIONS = NO;
				ENABLE_STRICT_OBJC_MSGSEND = YES;
				GCC_C_LANGUAGE_STANDARD = gnu11;
				GCC_NO_COMMON_BLOCKS = YES;
				GCC_WARN_64_TO_32_BIT_CONVERSION = YES;
				GCC_WARN_ABOUT_RETURN_TYPE = YES_ERROR;
				GCC_WARN_UNDECLARED_SELECTOR = YES;
				GCC_WARN_UNINITIALIZED_AUTOS = YES_AGGRESSIVE;
				GCC_WARN_UNUSED_FUNCTION = YES;
				GCC_WARN_UNUSED_VARIABLE = YES;
				IPHONEOS_DEPLOYMENT_TARGET = 13.2;
				MTL_ENABLE_DEBUG_INFO = NO;
				MTL_FAST_MATH = YES;
				SDKROOT = iphoneos;
				SWIFT_COMPILATION_MODE = wholemodule;
				SWIFT_OPTIMIZATION_LEVEL = "-O";
				VALIDATE_PRODUCT = YES;
			};
			name = Release;
		};
		BE8898A72422B23F00B95706 /* Debug */ = {
			isa = XCBuildConfiguration;
			baseConfigurationReference = C7B443DFF7FD679BB6D3B15A /* Pods-Recital.debug.xcconfig */;
			buildSettings = {
				ASSETCATALOG_COMPILER_APPICON_NAME = AppIcon;
				CODE_SIGN_STYLE = Automatic;
				DEVELOPMENT_TEAM = 2N4N5PCC9V;
				FRAMEWORK_SEARCH_PATHS = (
					"$(inherited)",
					"$(PROJECT_DIR)/Recital",
				);
				INFOPLIST_FILE = Recital/Info.plist;
				LD_RUNPATH_SEARCH_PATHS = (
					"$(inherited)",
					"@executable_path/Frameworks",
				);
				OTHER_LDFLAGS = "-lstdc++";
				PRODUCT_BUNDLE_IDENTIFIER = asimwilliams.Recital;
				PRODUCT_NAME = "$(TARGET_NAME)";
				SWIFT_VERSION = 5.0;
				TARGETED_DEVICE_FAMILY = "1,2";
			};
			name = Debug;
		};
		BE8898A82422B23F00B95706 /* Release */ = {
			isa = XCBuildConfiguration;
			baseConfigurationReference = 99A2BB5BB111B4418A987D70 /* Pods-Recital.release.xcconfig */;
			buildSettings = {
				ASSETCATALOG_COMPILER_APPICON_NAME = AppIcon;
				CODE_SIGN_STYLE = Automatic;
				DEVELOPMENT_TEAM = 2N4N5PCC9V;
				FRAMEWORK_SEARCH_PATHS = (
					"$(inherited)",
					"$(PROJECT_DIR)/Recital",
				);
				INFOPLIST_FILE = Recital/Info.plist;
				LD_RUNPATH_SEARCH_PATHS = (
					"$(inherited)",
					"@executable_path/Frameworks",
				);
				OTHER_LDFLAGS = "-lstdc++";
				PRODUCT_BUNDLE_IDENTIFIER = asimwilliams.Recital;
				PRODUCT_NAME = "$(TARGET_NAME)";
				SWIFT_VERSION = 5.0;
				TARGETED_DEVICE_FAMILY = "1,2";
			};
			name = Release;
		};
		BE8898AA2422B23F00B95706 /* Debug */ = {
			isa = XCBuildConfiguration;
			baseConfigurationReference = 04B7EFCCCBB2DCE2644655DA /* Pods-RecitalTests.debug.xcconfig */;
			buildSettings = {
				ALWAYS_EMBED_SWIFT_STANDARD_LIBRARIES = YES;
				BUNDLE_LOADER = "$(TEST_HOST)";
				CODE_SIGN_STYLE = Automatic;
				DEVELOPMENT_TEAM = 2N4N5PCC9V;
				INFOPLIST_FILE = RecitalTests/Info.plist;
				IPHONEOS_DEPLOYMENT_TARGET = 13.2;
				LD_RUNPATH_SEARCH_PATHS = (
					"$(inherited)",
					"@executable_path/Frameworks",
					"@loader_path/Frameworks",
				);
				PRODUCT_BUNDLE_IDENTIFIER = asimwilliams.RecitalTests;
				PRODUCT_NAME = "$(TARGET_NAME)";
				SWIFT_VERSION = 5.0;
				TARGETED_DEVICE_FAMILY = "1,2";
				TEST_HOST = "$(BUILT_PRODUCTS_DIR)/Recital.app/Recital";
			};
			name = Debug;
		};
		BE8898AB2422B23F00B95706 /* Release */ = {
			isa = XCBuildConfiguration;
			baseConfigurationReference = C6190468CF47A729E2CD00D9 /* Pods-RecitalTests.release.xcconfig */;
			buildSettings = {
				ALWAYS_EMBED_SWIFT_STANDARD_LIBRARIES = YES;
				BUNDLE_LOADER = "$(TEST_HOST)";
				CODE_SIGN_STYLE = Automatic;
				DEVELOPMENT_TEAM = 2N4N5PCC9V;
				INFOPLIST_FILE = RecitalTests/Info.plist;
				IPHONEOS_DEPLOYMENT_TARGET = 13.2;
				LD_RUNPATH_SEARCH_PATHS = (
					"$(inherited)",
					"@executable_path/Frameworks",
					"@loader_path/Frameworks",
				);
				PRODUCT_BUNDLE_IDENTIFIER = asimwilliams.RecitalTests;
				PRODUCT_NAME = "$(TARGET_NAME)";
				SWIFT_VERSION = 5.0;
				TARGETED_DEVICE_FAMILY = "1,2";
				TEST_HOST = "$(BUILT_PRODUCTS_DIR)/Recital.app/Recital";
			};
			name = Release;
		};
		BE8898AD2422B23F00B95706 /* Debug */ = {
			isa = XCBuildConfiguration;
			baseConfigurationReference = 71B54E4EF9122FFD0848B998 /* Pods-Recital-RecitalUITests.debug.xcconfig */;
			buildSettings = {
				ALWAYS_EMBED_SWIFT_STANDARD_LIBRARIES = YES;
				CODE_SIGN_STYLE = Automatic;
				DEVELOPMENT_TEAM = 2N4N5PCC9V;
				INFOPLIST_FILE = RecitalUITests/Info.plist;
				LD_RUNPATH_SEARCH_PATHS = (
					"$(inherited)",
					"@executable_path/Frameworks",
					"@loader_path/Frameworks",
				);
				PRODUCT_BUNDLE_IDENTIFIER = asimwilliams.RecitalUITests;
				PRODUCT_NAME = "$(TARGET_NAME)";
				SWIFT_VERSION = 5.0;
				TARGETED_DEVICE_FAMILY = "1,2";
				TEST_TARGET_NAME = Recital;
			};
			name = Debug;
		};
		BE8898AE2422B23F00B95706 /* Release */ = {
			isa = XCBuildConfiguration;
			baseConfigurationReference = B3E4377AD3EA855FA491BA0F /* Pods-Recital-RecitalUITests.release.xcconfig */;
			buildSettings = {
				ALWAYS_EMBED_SWIFT_STANDARD_LIBRARIES = YES;
				CODE_SIGN_STYLE = Automatic;
				DEVELOPMENT_TEAM = 2N4N5PCC9V;
				INFOPLIST_FILE = RecitalUITests/Info.plist;
				LD_RUNPATH_SEARCH_PATHS = (
					"$(inherited)",
					"@executable_path/Frameworks",
					"@loader_path/Frameworks",
				);
				PRODUCT_BUNDLE_IDENTIFIER = asimwilliams.RecitalUITests;
				PRODUCT_NAME = "$(TARGET_NAME)";
				SWIFT_VERSION = 5.0;
				TARGETED_DEVICE_FAMILY = "1,2";
				TEST_TARGET_NAME = Recital;
			};
			name = Release;
		};
/* End XCBuildConfiguration section */

/* Begin XCConfigurationList section */
		BE8898772422B23D00B95706 /* Build configuration list for PBXProject "Recital" */ = {
			isa = XCConfigurationList;
			buildConfigurations = (
				BE8898A42422B23F00B95706 /* Debug */,
				BE8898A52422B23F00B95706 /* Release */,
			);
			defaultConfigurationIsVisible = 0;
			defaultConfigurationName = Release;
		};
		BE8898A62422B23F00B95706 /* Build configuration list for PBXNativeTarget "Recital" */ = {
			isa = XCConfigurationList;
			buildConfigurations = (
				BE8898A72422B23F00B95706 /* Debug */,
				BE8898A82422B23F00B95706 /* Release */,
			);
			defaultConfigurationIsVisible = 0;
			defaultConfigurationName = Release;
		};
		BE8898A92422B23F00B95706 /* Build configuration list for PBXNativeTarget "RecitalTests" */ = {
			isa = XCConfigurationList;
			buildConfigurations = (
				BE8898AA2422B23F00B95706 /* Debug */,
				BE8898AB2422B23F00B95706 /* Release */,
			);
			defaultConfigurationIsVisible = 0;
			defaultConfigurationName = Release;
		};
		BE8898AC2422B23F00B95706 /* Build configuration list for PBXNativeTarget "RecitalUITests" */ = {
			isa = XCConfigurationList;
			buildConfigurations = (
				BE8898AD2422B23F00B95706 /* Debug */,
				BE8898AE2422B23F00B95706 /* Release */,
			);
			defaultConfigurationIsVisible = 0;
			defaultConfigurationName = Release;
		};
/* End XCConfigurationList section */
	};
	rootObject = BE8898742422B23D00B95706 /* Project object */;
}
